
Microsoft Visual Studio Solution File, Format Version 12.00
# Visual Studio Version 17
VisualStudioVersion = 17.14.36414.22 d17.14
MinimumVisualStudioVersion = 10.0.40219.1
Project("{FAE04EC0-301F-11D3-BF4B-00C04F79EFBC}") = "Laboratorio12", "Laboratorio12\Laboratorio12.csproj", "{2ED68BF3-CF09-4ECF-8724-BE76851DB094}"
EndProject
Project("{FAE04EC0-301F-11D3-BF4B-00C04F79EFBC}") = "Lab12-2", "Lab12-2\Lab12-2.csproj", "{2527101B-D377-422D-9684-1B9F42478111}"
EndProject
Project("{FAE04EC0-301F-11D3-BF4B-00C04F79EFBC}") = "Lab12-3", "Lab12-3\Lab12-3.csproj", "{A5F9F46E-5C44-41A8-B8AC-9AB7FC200733}"
EndProject
Project("{2150E333-8FDC-42A3-9474-1A3956D46DE8}") = "Solution Items", "Solution Items", "{8EC462FD-D22E-90A8-E5CE-7E832BA40C5D}"
	ProjectSection(SolutionItems) = preProject
		.gitignore = .gitignore
	EndProjectSection
EndProject
Global
	GlobalSection(SolutionConfigurationPlatforms) = preSolution
		Debug|Any CPU = Debug|Any CPU
		Release|Any CPU = Release|Any CPU
	EndGlobalSection
	GlobalSection(ProjectConfigurationPlatforms) = postSolution
		{2ED68BF3-CF09-4ECF-8724-BE76851DB094}.Debug|Any CPU.ActiveCfg = Debug|Any CPU
		{2ED68BF3-CF09-4ECF-8724-BE76851DB094}.Debug|Any CPU.Build.0 = Debug|Any CPU
		{2ED68BF3-CF09-4ECF-8724-BE76851DB094}.Release|Any CPU.ActiveCfg = Release|Any CPU
		{2ED68BF3-CF09-4ECF-8724-BE76851DB094}.Release|Any CPU.Build.0 = Release|Any CPU
		{2527101B-D377-422D-9684-1B9F42478111}.Debug|Any CPU.ActiveCfg = Debug|Any CPU
		{2527101B-D377-422D-9684-1B9F42478111}.Debug|Any CPU.Build.0 = Debug|Any CPU
		{2527101B-D377-422D-9684-1B9F42478111}.Release|Any CPU.ActiveCfg = Release|Any CPU
		{2527101B-D377-422D-9684-1B9F42478111}.Release|Any CPU.Build.0 = Release|Any CPU
		{A5F9F46E-5C44-41A8-B8AC-9AB7FC200733}.Debug|Any CPU.ActiveCfg = Debug|Any CPU
		{A5F9F46E-5C44-41A8-B8AC-9AB7FC200733}.Debug|Any CPU.Build.0 = Debug|Any CPU
		{A5F9F46E-5C44-41A8-B8AC-9AB7FC200733}.Release|Any CPU.ActiveCfg = Release|Any CPU
		{A5F9F46E-5C44-41A8-B8AC-9AB7FC200733}.Release|Any CPU.Build.0 = Release|Any CPU
	EndGlobalSection
	GlobalSection(SolutionProperties) = preSolution
		HideSolutionNode = FALSE
	EndGlobalSection
	GlobalSection(ExtensibilityGlobals) = postSolution
		SolutionGuid = {E295DF8D-4A9F-4827-BA73-33C57BD2141B}
	EndGlobalSection
EndGlobal
