
Microsoft Visual Studio Solution File, Format Version 12.00
# Visual Studio Version 17
VisualStudioVersion = 17.14.36414.22
MinimumVisualStudioVersion = 10.0.40219.1
Project("{FAE04EC0-301F-11D3-BF4B-00C04F79EFBC}") = "Laboratorio4", "Laboratorio4\Laboratorio4.csproj", "{1409E898-33B7-49E3-AD28-C4EA417EEB8E}"
EndProject
Project("{FAE04EC0-301F-11D3-BF4B-00C04F79EFBC}") = "Lab4-2", "Lab4-2\Lab4-2.csproj", "{C6B145B0-5CCD-4DF9-A001-08C5096B90F1}"
EndProject
Project("{FAE04EC0-301F-11D3-BF4B-00C04F79EFBC}") = "Lab4-3", "Lab4-3\Lab4-3.csproj", "{2C163A37-3E51-463F-85AC-16F691F1FCAD}"
EndProject
Project("{FAE04EC0-301F-11D3-BF4B-00C04F79EFBC}") = "Lab4-4", "Lab4-4\Lab4-4.csproj", "{9C07D51C-0876-4271-B1F9-67FE1829DC73}"
EndProject
Project("{FAE04EC0-301F-11D3-BF4B-00C04F79EFBC}") = "Lab4-5", "Lab4-5\Lab4-5.csproj", "{57A8B658-D860-4F7B-BD30-8ED550480003}"
EndProject
Project("{FAE04EC0-301F-11D3-BF4B-00C04F79EFBC}") = "Lab4-6", "Lab4-6\Lab4-6.csproj", "{C108B188-CB8A-4EE0-B4D9-DB8B94381562}"
EndProject
Project("{FAE04EC0-301F-11D3-BF4B-00C04F79EFBC}") = "Lab4-7", "Lab4-7\Lab4-7.csproj", "{EF07BA92-E04C-4DA7-B133-15279472E243}"
EndProject
Project("{2150E333-8FDC-42A3-9474-1A3956D46DE8}") = "Solution Items", "Solution Items", "{8EC462FD-D22E-90A8-E5CE-7E832BA40C5D}"
	ProjectSection(SolutionItems) = preProject
		.gitignore = .gitignore
	EndProjectSection
EndProject
Global
	GlobalSection(SolutionConfigurationPlatforms) = preSolution
		Debug|Any CPU = Debug|Any CPU
		Release|Any CPU = Release|Any CPU
	EndGlobalSection
	GlobalSection(ProjectConfigurationPlatforms) = postSolution
		{1409E898-33B7-49E3-AD28-C4EA417EEB8E}.Debug|Any CPU.ActiveCfg = Debug|Any CPU
		{1409E898-33B7-49E3-AD28-C4EA417EEB8E}.Debug|Any CPU.Build.0 = Debug|Any CPU
		{1409E898-33B7-49E3-AD28-C4EA417EEB8E}.Release|Any CPU.ActiveCfg = Release|Any CPU
		{1409E898-33B7-49E3-AD28-C4EA417EEB8E}.Release|Any CPU.Build.0 = Release|Any CPU
		{C6B145B0-5CCD-4DF9-A001-08C5096B90F1}.Debug|Any CPU.ActiveCfg = Debug|Any CPU
		{C6B145B0-5CCD-4DF9-A001-08C5096B90F1}.Debug|Any CPU.Build.0 = Debug|Any CPU
		{C6B145B0-5CCD-4DF9-A001-08C5096B90F1}.Release|Any CPU.ActiveCfg = Release|Any CPU
		{C6B145B0-5CCD-4DF9-A001-08C5096B90F1}.Release|Any CPU.Build.0 = Release|Any CPU
		{2C163A37-3E51-463F-85AC-16F691F1FCAD}.Debug|Any CPU.ActiveCfg = Debug|Any CPU
		{2C163A37-3E51-463F-85AC-16F691F1FCAD}.Debug|Any CPU.Build.0 = Debug|Any CPU
		{2C163A37-3E51-463F-85AC-16F691F1FCAD}.Release|Any CPU.ActiveCfg = Release|Any CPU
		{2C163A37-3E51-463F-85AC-16F691F1FCAD}.Release|Any CPU.Build.0 = Release|Any CPU
		{9C07D51C-0876-4271-B1F9-67FE1829DC73}.Debug|Any CPU.ActiveCfg = Debug|Any CPU
		{9C07D51C-0876-4271-B1F9-67FE1829DC73}.Debug|Any CPU.Build.0 = Debug|Any CPU
		{9C07D51C-0876-4271-B1F9-67FE1829DC73}.Release|Any CPU.ActiveCfg = Release|Any CPU
		{9C07D51C-0876-4271-B1F9-67FE1829DC73}.Release|Any CPU.Build.0 = Release|Any CPU
		{57A8B658-D860-4F7B-BD30-8ED550480003}.Debug|Any CPU.ActiveCfg = Debug|Any CPU
		{57A8B658-D860-4F7B-BD30-8ED550480003}.Debug|Any CPU.Build.0 = Debug|Any CPU
		{57A8B658-D860-4F7B-BD30-8ED550480003}.Release|Any CPU.ActiveCfg = Release|Any CPU
		{57A8B658-D860-4F7B-BD30-8ED550480003}.Release|Any CPU.Build.0 = Release|Any CPU
		{C108B188-CB8A-4EE0-B4D9-DB8B94381562}.Debug|Any CPU.ActiveCfg = Debug|Any CPU
		{C108B188-CB8A-4EE0-B4D9-DB8B94381562}.Debug|Any CPU.Build.0 = Debug|Any CPU
		{C108B188-CB8A-4EE0-B4D9-DB8B94381562}.Release|Any CPU.ActiveCfg = Release|Any CPU
		{C108B188-CB8A-4EE0-B4D9-DB8B94381562}.Release|Any CPU.Build.0 = Release|Any CPU
		{EF07BA92-E04C-4DA7-B133-15279472E243}.Debug|Any CPU.ActiveCfg = Debug|Any CPU
		{EF07BA92-E04C-4DA7-B133-15279472E243}.Debug|Any CPU.Build.0 = Debug|Any CPU
		{EF07BA92-E04C-4DA7-B133-15279472E243}.Release|Any CPU.ActiveCfg = Release|Any CPU
		{EF07BA92-E04C-4DA7-B133-15279472E243}.Release|Any CPU.Build.0 = Release|Any CPU
	EndGlobalSection
	GlobalSection(SolutionProperties) = preSolution
		HideSolutionNode = FALSE
	EndGlobalSection
	GlobalSection(ExtensibilityGlobals) = postSolution
		SolutionGuid = {7D84FC74-2A29-45D7-B961-46D1B00B9DF2}
	EndGlobalSection
EndGlobal
